// !$*UTF8*$!
{
	archiveVersion = 1;
	classes = {
	};
	objectVersion = 45;
	objects = {

/* Begin PBXBuildFile section */
		0D82218714F7DDF5008047D0 /* elc-ios-icon.png in Resources */ = {isa = PBXBuildFile; fileRef = 0D82217C14F7DDF5008047D0 /* elc-ios-icon.png */; };
		0D82218814F7DDF5008047D0 /* elc-ios-icon@2x.png in Resources */ = {isa = PBXBuildFile; fileRef = 0D82217D14F7DDF5008047D0 /* elc-ios-icon@2x.png */; };
		0D82218A14F7DDF5008047D0 /* ELCImagePickerDemoAppDelegate.m in Sources */ = {isa = PBXBuildFile; fileRef = 0D82218114F7DDF5008047D0 /* ELCImagePickerDemoAppDelegate.m */; };
		0D82218B14F7DDF5008047D0 /* ELCImagePickerDemoViewController.m in Sources */ = {isa = PBXBuildFile; fileRef = 0D82218314F7DDF5008047D0 /* ELCImagePickerDemoViewController.m */; };
		0D82218C14F7DDF5008047D0 /* ELCImagePickerDemoViewController.xib in Resources */ = {isa = PBXBuildFile; fileRef = 0D82218414F7DDF5008047D0 /* ELCImagePickerDemoViewController.xib */; };
		0D82218D14F7DDF5008047D0 /* main.m in Sources */ = {isa = PBXBuildFile; fileRef = 0D82218514F7DDF5008047D0 /* main.m */; };
		0D82218E14F7DDF5008047D0 /* MainWindow.xib in Resources */ = {isa = PBXBuildFile; fileRef = 0D82218614F7DDF5008047D0 /* MainWindow.xib */; };
		0D8221A114F7DDFE008047D0 /* ELCAlbumPickerController.xib in Resources */ = {isa = PBXBuildFile; fileRef = 0D82219214F7DDFE008047D0 /* ELCAlbumPickerController.xib */; };
		0D8221A414F7DDFE008047D0 /* ELCAssetPicker.xib in Resources */ = {isa = PBXBuildFile; fileRef = 0D82219714F7DDFE008047D0 /* ELCAssetPicker.xib */; };
		0D8221A614F7DDFE008047D0 /* ELCAssetTablePicker.xib in Resources */ = {isa = PBXBuildFile; fileRef = 0D82219A14F7DDFE008047D0 /* ELCAssetTablePicker.xib */; };
		0D8221A814F7DDFE008047D0 /* ELCImagePickerController.xib in Resources */ = {isa = PBXBuildFile; fileRef = 0D82219D14F7DDFE008047D0 /* ELCImagePickerController.xib */; };
		0D8221A914F7DDFE008047D0 /* Overlay.png in Resources */ = {isa = PBXBuildFile; fileRef = 0D82219E14F7DDFE008047D0 /* Overlay.png */; };
		0D8221AA14F7DDFE008047D0 /* Overlay@2x.png in Resources */ = {isa = PBXBuildFile; fileRef = 0D82219F14F7DDFE008047D0 /* Overlay@2x.png */; };
		0D8221B014F7DE31008047D0 /* Foundation.framework in Frameworks */ = {isa = PBXBuildFile; fileRef = 1D30AB110D05D00D00671497 /* Foundation.framework */; };
		0D8221BA14F7DE59008047D0 /* ELCAlbumPickerController.m in Sources */ = {isa = PBXBuildFile; fileRef = 0D82219114F7DDFE008047D0 /* ELCAlbumPickerController.m */; };
		0D8221BB14F7DE59008047D0 /* ELCAsset.m in Sources */ = {isa = PBXBuildFile; fileRef = 0D82219414F7DDFE008047D0 /* ELCAsset.m */; };
		0D8221BC14F7DE59008047D0 /* ELCAssetCell.m in Sources */ = {isa = PBXBuildFile; fileRef = 0D82219614F7DDFE008047D0 /* ELCAssetCell.m */; };
		0D8221BD14F7DE59008047D0 /* ELCAssetTablePicker.m in Sources */ = {isa = PBXBuildFile; fileRef = 0D82219914F7DDFE008047D0 /* ELCAssetTablePicker.m */; };
		0D8221BE14F7DE59008047D0 /* ELCImagePickerController.m in Sources */ = {isa = PBXBuildFile; fileRef = 0D82219C14F7DDFE008047D0 /* ELCImagePickerController.m */; };
		0D8221C314F7DF06008047D0 /* libELCImagePicker.a in Frameworks */ = {isa = PBXBuildFile; fileRef = 0D8221AF14F7DE31008047D0 /* libELCImagePicker.a */; };
		1D60589F0D05DD5A006BFB54 /* Foundation.framework in Frameworks */ = {isa = PBXBuildFile; fileRef = 1D30AB110D05D00D00671497 /* Foundation.framework */; };
		1DF5F4E00D08C38300B7A737 /* UIKit.framework in Frameworks */ = {isa = PBXBuildFile; fileRef = 1DF5F4DF0D08C38300B7A737 /* UIKit.framework */; };
		288765A50DF7441C002DB57D /* CoreGraphics.framework in Frameworks */ = {isa = PBXBuildFile; fileRef = 288765A40DF7441C002DB57D /* CoreGraphics.framework */; };
		E29A5E3C1239C42A008BB149 /* AssetsLibrary.framework in Frameworks */ = {isa = PBXBuildFile; fileRef = E29A5E3B1239C42A008BB149 /* AssetsLibrary.framework */; };
/* End PBXBuildFile section */

/* Begin PBXFileReference section */
		0D82217C14F7DDF5008047D0 /* elc-ios-icon.png */ = {isa = PBXFileReference; lastKnownFileType = image.png; path = "elc-ios-icon.png"; sourceTree = "<group>"; };
		0D82217D14F7DDF5008047D0 /* elc-ios-icon@2x.png */ = {isa = PBXFileReference; lastKnownFileType = image.png; path = "elc-ios-icon@2x.png"; sourceTree = "<group>"; };
		0D82218014F7DDF5008047D0 /* ELCImagePickerDemoAppDelegate.h */ = {isa = PBXFileReference; fileEncoding = 4; lastKnownFileType = sourcecode.c.h; path = ELCImagePickerDemoAppDelegate.h; sourceTree = "<group>"; };
		0D82218114F7DDF5008047D0 /* ELCImagePickerDemoAppDelegate.m */ = {isa = PBXFileReference; fileEncoding = 4; lastKnownFileType = sourcecode.c.objc; path = ELCImagePickerDemoAppDelegate.m; sourceTree = "<group>"; };
		0D82218214F7DDF5008047D0 /* ELCImagePickerDemoViewController.h */ = {isa = PBXFileReference; fileEncoding = 4; lastKnownFileType = sourcecode.c.h; path = ELCImagePickerDemoViewController.h; sourceTree = "<group>"; };
		0D82218314F7DDF5008047D0 /* ELCImagePickerDemoViewController.m */ = {isa = PBXFileReference; fileEncoding = 4; lastKnownFileType = sourcecode.c.objc; path = ELCImagePickerDemoViewController.m; sourceTree = "<group>"; };
		0D82218414F7DDF5008047D0 /* ELCImagePickerDemoViewController.xib */ = {isa = PBXFileReference; fileEncoding = 4; lastKnownFileType = file.xib; path = ELCImagePickerDemoViewController.xib; sourceTree = "<group>"; };
		0D82218514F7DDF5008047D0 /* main.m */ = {isa = PBXFileReference; fileEncoding = 4; lastKnownFileType = sourcecode.c.objc; path = main.m; sourceTree = "<group>"; };
		0D82218614F7DDF5008047D0 /* MainWindow.xib */ = {isa = PBXFileReference; fileEncoding = 4; lastKnownFileType = file.xib; path = MainWindow.xib; sourceTree = "<group>"; };
		0D82219014F7DDFE008047D0 /* ELCAlbumPickerController.h */ = {isa = PBXFileReference; fileEncoding = 4; lastKnownFileType = sourcecode.c.h; path = ELCAlbumPickerController.h; sourceTree = "<group>"; };
		0D82219114F7DDFE008047D0 /* ELCAlbumPickerController.m */ = {isa = PBXFileReference; fileEncoding = 4; lastKnownFileType = sourcecode.c.objc; path = ELCAlbumPickerController.m; sourceTree = "<group>"; };
		0D82219214F7DDFE008047D0 /* ELCAlbumPickerController.xib */ = {isa = PBXFileReference; fileEncoding = 4; lastKnownFileType = file.xib; name = ELCAlbumPickerController.xib; path = Library/ELCAlbumPickerController.xib; sourceTree = "<group>"; };
		0D82219314F7DDFE008047D0 /* ELCAsset.h */ = {isa = PBXFileReference; fileEncoding = 4; lastKnownFileType = sourcecode.c.h; path = ELCAsset.h; sourceTree = "<group>"; };
		0D82219414F7DDFE008047D0 /* ELCAsset.m */ = {isa = PBXFileReference; fileEncoding = 4; lastKnownFileType = sourcecode.c.objc; path = ELCAsset.m; sourceTree = "<group>"; };
		0D82219514F7DDFE008047D0 /* ELCAssetCell.h */ = {isa = PBXFileReference; fileEncoding = 4; lastKnownFileType = sourcecode.c.h; path = ELCAssetCell.h; sourceTree = "<group>"; };
		0D82219614F7DDFE008047D0 /* ELCAssetCell.m */ = {isa = PBXFileReference; fileEncoding = 4; lastKnownFileType = sourcecode.c.objc; path = ELCAssetCell.m; sourceTree = "<group>"; };
		0D82219714F7DDFE008047D0 /* ELCAssetPicker.xib */ = {isa = PBXFileReference; fileEncoding = 4; lastKnownFileType = file.xib; name = ELCAssetPicker.xib; path = Library/ELCAssetPicker.xib; sourceTree = "<group>"; };
		0D82219814F7DDFE008047D0 /* ELCAssetTablePicker.h */ = {isa = PBXFileReference; fileEncoding = 4; lastKnownFileType = sourcecode.c.h; path = ELCAssetTablePicker.h; sourceTree = "<group>"; };
		0D82219914F7DDFE008047D0 /* ELCAssetTablePicker.m */ = {isa = PBXFileReference; fileEncoding = 4; lastKnownFileType = sourcecode.c.objc; path = ELCAssetTablePicker.m; sourceTree = "<group>"; };
		0D82219A14F7DDFE008047D0 /* ELCAssetTablePicker.xib */ = {isa = PBXFileReference; fileEncoding = 4; lastKnownFileType = file.xib; name = ELCAssetTablePicker.xib; path = Library/ELCAssetTablePicker.xib; sourceTree = "<group>"; };
		0D82219B14F7DDFE008047D0 /* ELCImagePickerController.h */ = {isa = PBXFileReference; fileEncoding = 4; lastKnownFileType = sourcecode.c.h; path = ELCImagePickerController.h; sourceTree = "<group>"; };
		0D82219C14F7DDFE008047D0 /* ELCImagePickerController.m */ = {isa = PBXFileReference; fileEncoding = 4; lastKnownFileType = sourcecode.c.objc; path = ELCImagePickerController.m; sourceTree = "<group>"; };
		0D82219D14F7DDFE008047D0 /* ELCImagePickerController.xib */ = {isa = PBXFileReference; fileEncoding = 4; lastKnownFileType = file.xib; name = ELCImagePickerController.xib; path = Library/ELCImagePickerController.xib; sourceTree = "<group>"; };
		0D82219E14F7DDFE008047D0 /* Overlay.png */ = {isa = PBXFileReference; lastKnownFileType = image.png; name = Overlay.png; path = Library/Overlay.png; sourceTree = "<group>"; };
		0D82219F14F7DDFE008047D0 /* Overlay@2x.png */ = {isa = PBXFileReference; lastKnownFileType = image.png; name = "Overlay@2x.png"; path = "Library/Overlay@2x.png"; sourceTree = "<group>"; };
		0D8221AF14F7DE31008047D0 /* libELCImagePicker.a */ = {isa = PBXFileReference; explicitFileType = archive.ar; includeInIndex = 0; path = libELCImagePicker.a; sourceTree = BUILT_PRODUCTS_DIR; };
		0D8221C014F7DEE5008047D0 /* Info.plist */ = {isa = PBXFileReference; fileEncoding = 4; lastKnownFileType = text.plist.xml; path = Info.plist; sourceTree = "<group>"; };
		0D8221C114F7DEE5008047D0 /* Prefix.pch */ = {isa = PBXFileReference; fileEncoding = 4; lastKnownFileType = sourcecode.c.h; path = Prefix.pch; sourceTree = "<group>"; };
		1D30AB110D05D00D00671497 /* Foundation.framework */ = {isa = PBXFileReference; lastKnownFileType = wrapper.framework; name = Foundation.framework; path = System/Library/Frameworks/Foundation.framework; sourceTree = SDKROOT; };
		1D6058910D05DD3D006BFB54 /* ELCImagePickerDemo.app */ = {isa = PBXFileReference; explicitFileType = wrapper.application; includeInIndex = 0; path = ELCImagePickerDemo.app; sourceTree = BUILT_PRODUCTS_DIR; };
		1DF5F4DF0D08C38300B7A737 /* UIKit.framework */ = {isa = PBXFileReference; lastKnownFileType = wrapper.framework; name = UIKit.framework; path = System/Library/Frameworks/UIKit.framework; sourceTree = SDKROOT; };
		288765A40DF7441C002DB57D /* CoreGraphics.framework */ = {isa = PBXFileReference; lastKnownFileType = wrapper.framework; name = CoreGraphics.framework; path = System/Library/Frameworks/CoreGraphics.framework; sourceTree = SDKROOT; };
		E29A5E3B1239C42A008BB149 /* AssetsLibrary.framework */ = {isa = PBXFileReference; lastKnownFileType = wrapper.framework; name = AssetsLibrary.framework; path = System/Library/Frameworks/AssetsLibrary.framework; sourceTree = SDKROOT; };
/* End PBXFileReference section */

/* Begin PBXFrameworksBuildPhase section */
		0D8221AC14F7DE31008047D0 /* Frameworks */ = {
			isa = PBXFrameworksBuildPhase;
			buildActionMask = 2147483647;
			files = (
				0D8221B014F7DE31008047D0 /* Foundation.framework in Frameworks */,
			);
			runOnlyForDeploymentPostprocessing = 0;
		};
		1D60588F0D05DD3D006BFB54 /* Frameworks */ = {
			isa = PBXFrameworksBuildPhase;
			buildActionMask = 2147483647;
			files = (
				0D8221C314F7DF06008047D0 /* libELCImagePicker.a in Frameworks */,
				1D60589F0D05DD5A006BFB54 /* Foundation.framework in Frameworks */,
				1DF5F4E00D08C38300B7A737 /* UIKit.framework in Frameworks */,
				288765A50DF7441C002DB57D /* CoreGraphics.framework in Frameworks */,
				E29A5E3C1239C42A008BB149 /* AssetsLibrary.framework in Frameworks */,
			);
			runOnlyForDeploymentPostprocessing = 0;
		};
/* End PBXFrameworksBuildPhase section */

/* Begin PBXGroup section */
		0D82217B14F7DDF5008047D0 /* Demo */ = {
			isa = PBXGroup;
			children = (
				0D8221C014F7DEE5008047D0 /* Info.plist */,
				0D8221C114F7DEE5008047D0 /* Prefix.pch */,
				0D82217C14F7DDF5008047D0 /* elc-ios-icon.png */,
				0D82217D14F7DDF5008047D0 /* elc-ios-icon@2x.png */,
				0D82218014F7DDF5008047D0 /* ELCImagePickerDemoAppDelegate.h */,
				0D82218114F7DDF5008047D0 /* ELCImagePickerDemoAppDelegate.m */,
				0D82218214F7DDF5008047D0 /* ELCImagePickerDemoViewController.h */,
				0D82218314F7DDF5008047D0 /* ELCImagePickerDemoViewController.m */,
				0D82218414F7DDF5008047D0 /* ELCImagePickerDemoViewController.xib */,
				0D82218514F7DDF5008047D0 /* main.m */,
				0D82218614F7DDF5008047D0 /* MainWindow.xib */,
			);
			path = Demo;
			sourceTree = "<group>";
		};
		0D82218F14F7DDFE008047D0 /* Library Code */ = {
			isa = PBXGroup;
			children = (
				0D82219014F7DDFE008047D0 /* ELCAlbumPickerController.h */,
				0D82219114F7DDFE008047D0 /* ELCAlbumPickerController.m */,
				0D82219314F7DDFE008047D0 /* ELCAsset.h */,
				0D82219414F7DDFE008047D0 /* ELCAsset.m */,
				0D82219514F7DDFE008047D0 /* ELCAssetCell.h */,
				0D82219614F7DDFE008047D0 /* ELCAssetCell.m */,
				0D82219814F7DDFE008047D0 /* ELCAssetTablePicker.h */,
				0D82219914F7DDFE008047D0 /* ELCAssetTablePicker.m */,
				0D82219B14F7DDFE008047D0 /* ELCImagePickerController.h */,
				0D82219C14F7DDFE008047D0 /* ELCImagePickerController.m */,
			);
			name = "Library Code";
			path = Library;
			sourceTree = "<group>";
		};
		0D8221BF14F7DE6A008047D0 /* Library Resources */ = {
			isa = PBXGroup;
			children = (
				0D82219214F7DDFE008047D0 /* ELCAlbumPickerController.xib */,
				0D82219714F7DDFE008047D0 /* ELCAssetPicker.xib */,
				0D82219A14F7DDFE008047D0 /* ELCAssetTablePicker.xib */,
				0D82219D14F7DDFE008047D0 /* ELCImagePickerController.xib */,
				0D82219E14F7DDFE008047D0 /* Overlay.png */,
				0D82219F14F7DDFE008047D0 /* Overlay@2x.png */,
			);
			name = "Library Resources";
			sourceTree = "<group>";
		};
		19C28FACFE9D520D11CA2CBB /* Products */ = {
			isa = PBXGroup;
			children = (
				1D6058910D05DD3D006BFB54 /* ELCImagePickerDemo.app */,
				0D8221AF14F7DE31008047D0 /* libELCImagePicker.a */,
			);
			name = Products;
			sourceTree = "<group>";
		};
		29B97314FDCFA39411CA2CEA /* CustomTemplate */ = {
			isa = PBXGroup;
			children = (
				0D8221BF14F7DE6A008047D0 /* Library Resources */,
				0D82218F14F7DDFE008047D0 /* Library Code */,
				0D82217B14F7DDF5008047D0 /* Demo */,
				29B97323FDCFA39411CA2CEA /* Frameworks */,
				19C28FACFE9D520D11CA2CBB /* Products */,
			);
			name = CustomTemplate;
			sourceTree = "<group>";
		};
		29B97323FDCFA39411CA2CEA /* Frameworks */ = {
			isa = PBXGroup;
			children = (
				E29A5E3B1239C42A008BB149 /* AssetsLibrary.framework */,
				288765A40DF7441C002DB57D /* CoreGraphics.framework */,
				1D30AB110D05D00D00671497 /* Foundation.framework */,
				1DF5F4DF0D08C38300B7A737 /* UIKit.framework */,
			);
			name = Frameworks;
			sourceTree = "<group>";
		};
/* End PBXGroup section */

/* Begin PBXHeadersBuildPhase section */
		0D8221AD14F7DE31008047D0 /* Headers */ = {
			isa = PBXHeadersBuildPhase;
			buildActionMask = 2147483647;
			files = (
			);
			runOnlyForDeploymentPostprocessing = 0;
		};
/* End PBXHeadersBuildPhase section */

/* Begin PBXNativeTarget section */
		0D8221AE14F7DE31008047D0 /* ELCImagePicker */ = {
			isa = PBXNativeTarget;
			buildConfigurationList = 0D8221B714F7DE31008047D0 /* Build configuration list for PBXNativeTarget "ELCImagePicker" */;
			buildPhases = (
				0D8221AB14F7DE31008047D0 /* Sources */,
				0D8221AC14F7DE31008047D0 /* Frameworks */,
				0D8221AD14F7DE31008047D0 /* Headers */,
			);
			buildRules = (
			);
			dependencies = (
			);
			name = ELCImagePicker;
			productName = ELCImagePicker;
			productReference = 0D8221AF14F7DE31008047D0 /* libELCImagePicker.a */;
			productType = "com.apple.product-type.library.static";
		};
		1D6058900D05DD3D006BFB54 /* ELCImagePickerDemo */ = {
			isa = PBXNativeTarget;
			buildConfigurationList = 1D6058960D05DD3E006BFB54 /* Build configuration list for PBXNativeTarget "ELCImagePickerDemo" */;
			buildPhases = (
				1D60588D0D05DD3D006BFB54 /* Resources */,
				1D60588E0D05DD3D006BFB54 /* Sources */,
				1D60588F0D05DD3D006BFB54 /* Frameworks */,
			);
			buildRules = (
			);
			dependencies = (
			);
			name = ELCImagePickerDemo;
			productName = ELCImagePickerDemo;
			productReference = 1D6058910D05DD3D006BFB54 /* ELCImagePickerDemo.app */;
			productType = "com.apple.product-type.application";
		};
/* End PBXNativeTarget section */

/* Begin PBXProject section */
		29B97313FDCFA39411CA2CEA /* Project object */ = {
			isa = PBXProject;
			attributes = {
				ORGANIZATIONNAME = "ELC Technologies";
			};
			buildConfigurationList = C01FCF4E08A954540054247B /* Build configuration list for PBXProject "ELCImagePicker" */;
			compatibilityVersion = "Xcode 3.1";
			developmentRegion = English;
			hasScannedForEncodings = 1;
			knownRegions = (
				English,
				Japanese,
				French,
				German,
			);
			mainGroup = 29B97314FDCFA39411CA2CEA /* CustomTemplate */;
			projectDirPath = "";
			projectRoot = "";
			targets = (
				0D8221AE14F7DE31008047D0 /* ELCImagePicker */,
				1D6058900D05DD3D006BFB54 /* ELCImagePickerDemo */,
			);
		};
/* End PBXProject section */

/* Begin PBXResourcesBuildPhase section */
		1D60588D0D05DD3D006BFB54 /* Resources */ = {
			isa = PBXResourcesBuildPhase;
			buildActionMask = 2147483647;
			files = (
				0D82218714F7DDF5008047D0 /* elc-ios-icon.png in Resources */,
				0D82218814F7DDF5008047D0 /* elc-ios-icon@2x.png in Resources */,
				0D82218C14F7DDF5008047D0 /* ELCImagePickerDemoViewController.xib in Resources */,
				0D82218E14F7DDF5008047D0 /* MainWindow.xib in Resources */,
				0D8221A114F7DDFE008047D0 /* ELCAlbumPickerController.xib in Resources */,
				0D8221A414F7DDFE008047D0 /* ELCAssetPicker.xib in Resources */,
				0D8221A614F7DDFE008047D0 /* ELCAssetTablePicker.xib in Resources */,
				0D8221A814F7DDFE008047D0 /* ELCImagePickerController.xib in Resources */,
				0D8221A914F7DDFE008047D0 /* Overlay.png in Resources */,
				0D8221AA14F7DDFE008047D0 /* Overlay@2x.png in Resources */,
			);
			runOnlyForDeploymentPostprocessing = 0;
		};
/* End PBXResourcesBuildPhase section */

/* Begin PBXSourcesBuildPhase section */
		0D8221AB14F7DE31008047D0 /* Sources */ = {
			isa = PBXSourcesBuildPhase;
			buildActionMask = 2147483647;
			files = (
				0D8221BA14F7DE59008047D0 /* ELCAlbumPickerController.m in Sources */,
				0D8221BB14F7DE59008047D0 /* ELCAsset.m in Sources */,
				0D8221BC14F7DE59008047D0 /* ELCAssetCell.m in Sources */,
				0D8221BD14F7DE59008047D0 /* ELCAssetTablePicker.m in Sources */,
				0D8221BE14F7DE59008047D0 /* ELCImagePickerController.m in Sources */,
			);
			runOnlyForDeploymentPostprocessing = 0;
		};
		1D60588E0D05DD3D006BFB54 /* Sources */ = {
			isa = PBXSourcesBuildPhase;
			buildActionMask = 2147483647;
			files = (
				0D82218A14F7DDF5008047D0 /* ELCImagePickerDemoAppDelegate.m in Sources */,
				0D82218B14F7DDF5008047D0 /* ELCImagePickerDemoViewController.m in Sources */,
				0D82218D14F7DDF5008047D0 /* main.m in Sources */,
			);
			runOnlyForDeploymentPostprocessing = 0;
		};
/* End PBXSourcesBuildPhase section */

/* Begin XCBuildConfiguration section */
		0D8221B814F7DE31008047D0 /* Debug */ = {
			isa = XCBuildConfiguration;
			buildSettings = {
				ALWAYS_SEARCH_USER_PATHS = NO;
				COPY_PHASE_STRIP = NO;
				DSTROOT = /tmp/ELCImagePicker.dst;
				GCC_C_LANGUAGE_STANDARD = gnu99;
				GCC_DYNAMIC_NO_PIC = NO;
				GCC_OPTIMIZATION_LEVEL = 0;
				GCC_PRECOMPILE_PREFIX_HEADER = YES;
				GCC_PREFIX_HEADER = Library/Prefix.pch;
				GCC_PREPROCESSOR_DEFINITIONS = (
					"DEBUG=1",
					"$(inherited)",
				);
				GCC_SYMBOLS_PRIVATE_EXTERN = NO;
				GCC_VERSION = com.apple.compilers.llvm.clang.1_0;
				GCC_WARN_UNINITIALIZED_AUTOS = YES;
				IPHONEOS_DEPLOYMENT_TARGET = 5.0;
				OTHER_LDFLAGS = "-ObjC";
				PRODUCT_NAME = "$(TARGET_NAME)";
				SKIP_INSTALL = YES;
			};
			name = Debug;
		};
		0D8221B914F7DE31008047D0 /* Release */ = {
			isa = XCBuildConfiguration;
			buildSettings = {
				ALWAYS_SEARCH_USER_PATHS = NO;
				COPY_PHASE_STRIP = YES;
				DSTROOT = /tmp/ELCImagePicker.dst;
				GCC_C_LANGUAGE_STANDARD = gnu99;
				GCC_PRECOMPILE_PREFIX_HEADER = YES;
				GCC_PREFIX_HEADER = Library/Prefix.pch;
				GCC_VERSION = com.apple.compilers.llvm.clang.1_0;
				GCC_WARN_UNINITIALIZED_AUTOS = YES;
				IPHONEOS_DEPLOYMENT_TARGET = 5.0;
				OTHER_LDFLAGS = "-ObjC";
				PRODUCT_NAME = "$(TARGET_NAME)";
				SDKROOT = iphoneos;
				SKIP_INSTALL = YES;
				VALIDATE_PRODUCT = YES;
			};
			name = Release;
		};
		1D6058940D05DD3E006BFB54 /* Debug */ = {
			isa = XCBuildConfiguration;
			buildSettings = {
				ALWAYS_SEARCH_USER_PATHS = NO;
				COPY_PHASE_STRIP = NO;
				GCC_DYNAMIC_NO_PIC = NO;
				GCC_OPTIMIZATION_LEVEL = 0;
				GCC_PRECOMPILE_PREFIX_HEADER = YES;
				GCC_PREFIX_HEADER = Demo/Prefix.pch;
				INFOPLIST_FILE = Demo/Info.plist;
				PRODUCT_NAME = ELCImagePickerDemo;
				TARGETED_DEVICE_FAMILY = 1;
			};
			name = Debug;
		};
		1D6058950D05DD3E006BFB54 /* Release */ = {
			isa = XCBuildConfiguration;
			buildSettings = {
				ALWAYS_SEARCH_USER_PATHS = NO;
				COPY_PHASE_STRIP = YES;
				GCC_PRECOMPILE_PREFIX_HEADER = YES;
				GCC_PREFIX_HEADER = Demo/Prefix.pch;
				INFOPLIST_FILE = Demo/Info.plist;
				PRODUCT_NAME = ELCImagePickerDemo;
				SDKROOT = iphoneos;
				TARGETED_DEVICE_FAMILY = 1;
				VALIDATE_PRODUCT = YES;
			};
			name = Release;
		};
		C01FCF4F08A954540054247B /* Debug */ = {
			isa = XCBuildConfiguration;
			buildSettings = {
				ARCHS = "$(ARCHS_STANDARD_32_BIT)";
				"CODE_SIGN_IDENTITY[sdk=iphoneos*]" = "iPhone Developer";
				GCC_C_LANGUAGE_STANDARD = c99;
				GCC_TREAT_WARNINGS_AS_ERRORS = YES;
				GCC_WARN_ABOUT_RETURN_TYPE = YES;
				GCC_WARN_UNUSED_VARIABLE = YES;
				PREBINDING = NO;
				SDKROOT = iphoneos;
			};
			name = Debug;
		};
		C01FCF5008A954540054247B /* Release */ = {
			isa = XCBuildConfiguration;
			buildSettings = {
				ARCHS = "$(ARCHS_STANDARD_32_BIT)";
				"CODE_SIGN_IDENTITY[sdk=iphoneos*]" = "iPhone Developer";
				GCC_C_LANGUAGE_STANDARD = c99;
				GCC_TREAT_WARNINGS_AS_ERRORS = YES;
				GCC_WARN_ABOUT_RETURN_TYPE = YES;
				GCC_WARN_UNUSED_VARIABLE = YES;
				OTHER_CFLAGS = "-DNS_BLOCK_ASSERTIONS=1";
				PREBINDING = NO;
				SDKROOT = iphoneos4.1;
			};
			name = Release;
		};
/* End XCBuildConfiguration section */

/* Begin XCConfigurationList section */
		0D8221B714F7DE31008047D0 /* Build configuration list for PBXNativeTarget "ELCImagePicker" */ = {
			isa = XCConfigurationList;
			buildConfigurations = (
				0D8221B814F7DE31008047D0 /* Debug */,
				0D8221B914F7DE31008047D0 /* Release */,
			);
			defaultConfigurationIsVisible = 0;
		};
		1D6058960D05DD3E006BFB54 /* Build configuration list for PBXNativeTarget "ELCImagePickerDemo" */ = {
			isa = XCConfigurationList;
			buildConfigurations = (
				1D6058940D05DD3E006BFB54 /* Debug */,
				1D6058950D05DD3E006BFB54 /* Release */,
			);
			defaultConfigurationIsVisible = 0;
			defaultConfigurationName = Release;
		};
		C01FCF4E08A954540054247B /* Build configuration list for PBXProject "ELCImagePicker" */ = {
			isa = XCConfigurationList;
			buildConfigurations = (
				C01FCF4F08A954540054247B /* Debug */,
				C01FCF5008A954540054247B /* Release */,
			);
			defaultConfigurationIsVisible = 0;
			defaultConfigurationName = Release;
		};
/* End XCConfigurationList section */
	};
	rootObject = 29B97313FDCFA39411CA2CEA /* Project object */;
}
